
Microsoft Visual Studio Solution File, Format Version 12.00
# Visual Studio Version 17
VisualStudioVersion = 17.0.31903.59
MinimumVisualStudioVersion = 10.0.40219.1
Project("{2150E333-8FDC-42A3-9474-1A3956D46DE8}") = "src", "src", "{827E0CD3-B72D-47B6-A68D-7590B98EB39B}"
EndProject
Project("{FAE04EC0-301F-11D3-BF4B-00C04F79EFBC}") = "ACE.API", "src\ACE.API\ACE.API.csproj", "{762C0CE1-054A-4237-8F87-A018DFE3483F}"
EndProject
Project("{FAE04EC0-301F-11D3-BF4B-00C04F79EFBC}") = "ACE.Application", "src\ACE.Application\ACE.Application.csproj", "{5F8D4CB1-E75C-4062-9115-58FC99FA76D3}"
EndProject
Project("{FAE04EC0-301F-11D3-BF4B-00C04F79EFBC}") = "ACE.Domain", "src\ACE.Domain\ACE.Domain.csproj", "{4EBD53BE-142D-4840-A9D0-1E11B82B61B2}"
EndProject
Project("{FAE04EC0-301F-11D3-BF4B-00C04F79EFBC}") = "ACE.Infrastructure", "src\ACE.Infrastructure\ACE.Infrastructure.csproj", "{BCAA89CE-D9F5-456A-B57E-DDE071791573}"
EndProject
Project("{FAE04EC0-301F-11D3-BF4B-00C04F79EFBC}") = "ACE.Contracts", "src\ACE.Contracts\ACE.Contracts.csproj", "{BE0C98DE-11AE-45E4-90E0-372D1CD69181}"
EndProject
Project("{2150E333-8FDC-42A3-9474-1A3956D46DE8}") = "tests", "tests", "{0AB3BF05-4346-4AA6-1389-037BE0695223}"
EndProject
Project("{FAE04EC0-301F-11D3-BF4B-00C04F79EFBC}") = "ACE.API.Tests", "tests\ACE.API.Tests\ACE.API.Tests.csproj", "{0D1DCE12-DD93-4A36-BD41-99FE6082B271}"
EndProject
Global
	GlobalSection(SolutionConfigurationPlatforms) = preSolution
		Debug|Any CPU = Debug|Any CPU
		Debug|x64 = Debug|x64
		Debug|x86 = Debug|x86
		Release|Any CPU = Release|Any CPU
		Release|x64 = Release|x64
		Release|x86 = Release|x86
	EndGlobalSection
	GlobalSection(ProjectConfigurationPlatforms) = postSolution
		{762C0CE1-054A-4237-8F87-A018DFE3483F}.Debug|Any CPU.ActiveCfg = Debug|Any CPU
		{762C0CE1-054A-4237-8F87-A018DFE3483F}.Debug|Any CPU.Build.0 = Debug|Any CPU
		{762C0CE1-054A-4237-8F87-A018DFE3483F}.Debug|x64.ActiveCfg = Debug|Any CPU
		{762C0CE1-054A-4237-8F87-A018DFE3483F}.Debug|x64.Build.0 = Debug|Any CPU
		{762C0CE1-054A-4237-8F87-A018DFE3483F}.Debug|x86.ActiveCfg = Debug|Any CPU
		{762C0CE1-054A-4237-8F87-A018DFE3483F}.Debug|x86.Build.0 = Debug|Any CPU
		{762C0CE1-054A-4237-8F87-A018DFE3483F}.Release|Any CPU.ActiveCfg = Release|Any CPU
		{762C0CE1-054A-4237-8F87-A018DFE3483F}.Release|Any CPU.Build.0 = Release|Any CPU
		{762C0CE1-054A-4237-8F87-A018DFE3483F}.Release|x64.ActiveCfg = Release|Any CPU
		{762C0CE1-054A-4237-8F87-A018DFE3483F}.Release|x64.Build.0 = Release|Any CPU
		{762C0CE1-054A-4237-8F87-A018DFE3483F}.Release|x86.ActiveCfg = Release|Any CPU
		{762C0CE1-054A-4237-8F87-A018DFE3483F}.Release|x86.Build.0 = Release|Any CPU
		{5F8D4CB1-E75C-4062-9115-58FC99FA76D3}.Debug|Any CPU.ActiveCfg = Debug|Any CPU
		{5F8D4CB1-E75C-4062-9115-58FC99FA76D3}.Debug|Any CPU.Build.0 = Debug|Any CPU
		{5F8D4CB1-E75C-4062-9115-58FC99FA76D3}.Debug|x64.ActiveCfg = Debug|Any CPU
		{5F8D4CB1-E75C-4062-9115-58FC99FA76D3}.Debug|x64.Build.0 = Debug|Any CPU
		{5F8D4CB1-E75C-4062-9115-58FC99FA76D3}.Debug|x86.ActiveCfg = Debug|Any CPU
		{5F8D4CB1-E75C-4062-9115-58FC99FA76D3}.Debug|x86.Build.0 = Debug|Any CPU
		{5F8D4CB1-E75C-4062-9115-58FC99FA76D3}.Release|Any CPU.ActiveCfg = Release|Any CPU
		{5F8D4CB1-E75C-4062-9115-58FC99FA76D3}.Release|Any CPU.Build.0 = Release|Any CPU
		{5F8D4CB1-E75C-4062-9115-58FC99FA76D3}.Release|x64.ActiveCfg = Release|Any CPU
		{5F8D4CB1-E75C-4062-9115-58FC99FA76D3}.Release|x64.Build.0 = Release|Any CPU
		{5F8D4CB1-E75C-4062-9115-58FC99FA76D3}.Release|x86.ActiveCfg = Release|Any CPU
		{5F8D4CB1-E75C-4062-9115-58FC99FA76D3}.Release|x86.Build.0 = Release|Any CPU
		{4EBD53BE-142D-4840-A9D0-1E11B82B61B2}.Debug|Any CPU.ActiveCfg = Debug|Any CPU
		{4EBD53BE-142D-4840-A9D0-1E11B82B61B2}.Debug|Any CPU.Build.0 = Debug|Any CPU
		{4EBD53BE-142D-4840-A9D0-1E11B82B61B2}.Debug|x64.ActiveCfg = Debug|Any CPU
		{4EBD53BE-142D-4840-A9D0-1E11B82B61B2}.Debug|x64.Build.0 = Debug|Any CPU
		{4EBD53BE-142D-4840-A9D0-1E11B82B61B2}.Debug|x86.ActiveCfg = Debug|Any CPU
		{4EBD53BE-142D-4840-A9D0-1E11B82B61B2}.Debug|x86.Build.0 = Debug|Any CPU
		{4EBD53BE-142D-4840-A9D0-1E11B82B61B2}.Release|Any CPU.ActiveCfg = Release|Any CPU
		{4EBD53BE-142D-4840-A9D0-1E11B82B61B2}.Release|Any CPU.Build.0 = Release|Any CPU
		{4EBD53BE-142D-4840-A9D0-1E11B82B61B2}.Release|x64.ActiveCfg = Release|Any CPU
		{4EBD53BE-142D-4840-A9D0-1E11B82B61B2}.Release|x64.Build.0 = Release|Any CPU
		{4EBD53BE-142D-4840-A9D0-1E11B82B61B2}.Release|x86.ActiveCfg = Release|Any CPU
		{4EBD53BE-142D-4840-A9D0-1E11B82B61B2}.Release|x86.Build.0 = Release|Any CPU
		{BCAA89CE-D9F5-456A-B57E-DDE071791573}.Debug|Any CPU.ActiveCfg = Debug|Any CPU
		{BCAA89CE-D9F5-456A-B57E-DDE071791573}.Debug|Any CPU.Build.0 = Debug|Any CPU
		{BCAA89CE-D9F5-456A-B57E-DDE071791573}.Debug|x64.ActiveCfg = Debug|Any CPU
		{BCAA89CE-D9F5-456A-B57E-DDE071791573}.Debug|x64.Build.0 = Debug|Any CPU
		{BCAA89CE-D9F5-456A-B57E-DDE071791573}.Debug|x86.ActiveCfg = Debug|Any CPU
		{BCAA89CE-D9F5-456A-B57E-DDE071791573}.Debug|x86.Build.0 = Debug|Any CPU
		{BCAA89CE-D9F5-456A-B57E-DDE071791573}.Release|Any CPU.ActiveCfg = Release|Any CPU
		{BCAA89CE-D9F5-456A-B57E-DDE071791573}.Release|Any CPU.Build.0 = Release|Any CPU
		{BCAA89CE-D9F5-456A-B57E-DDE071791573}.Release|x64.ActiveCfg = Release|Any CPU
		{BCAA89CE-D9F5-456A-B57E-DDE071791573}.Release|x64.Build.0 = Release|Any CPU
		{BCAA89CE-D9F5-456A-B57E-DDE071791573}.Release|x86.ActiveCfg = Release|Any CPU
		{BCAA89CE-D9F5-456A-B57E-DDE071791573}.Release|x86.Build.0 = Release|Any CPU
		{BE0C98DE-11AE-45E4-90E0-372D1CD69181}.Debug|Any CPU.ActiveCfg = Debug|Any CPU
		{BE0C98DE-11AE-45E4-90E0-372D1CD69181}.Debug|Any CPU.Build.0 = Debug|Any CPU
		{BE0C98DE-11AE-45E4-90E0-372D1CD69181}.Debug|x64.ActiveCfg = Debug|Any CPU
		{BE0C98DE-11AE-45E4-90E0-372D1CD69181}.Debug|x64.Build.0 = Debug|Any CPU
		{BE0C98DE-11AE-45E4-90E0-372D1CD69181}.Debug|x86.ActiveCfg = Debug|Any CPU
		{BE0C98DE-11AE-45E4-90E0-372D1CD69181}.Debug|x86.Build.0 = Debug|Any CPU
		{BE0C98DE-11AE-45E4-90E0-372D1CD69181}.Release|Any CPU.ActiveCfg = Release|Any CPU
		{BE0C98DE-11AE-45E4-90E0-372D1CD69181}.Release|Any CPU.Build.0 = Release|Any CPU
		{BE0C98DE-11AE-45E4-90E0-372D1CD69181}.Release|x64.ActiveCfg = Release|Any CPU
		{BE0C98DE-11AE-45E4-90E0-372D1CD69181}.Release|x64.Build.0 = Release|Any CPU
		{BE0C98DE-11AE-45E4-90E0-372D1CD69181}.Release|x86.ActiveCfg = Release|Any CPU
		{BE0C98DE-11AE-45E4-90E0-372D1CD69181}.Release|x86.Build.0 = Release|Any CPU
		{0D1DCE12-DD93-4A36-BD41-99FE6082B271}.Debug|Any CPU.ActiveCfg = Debug|Any CPU
		{0D1DCE12-DD93-4A36-BD41-99FE6082B271}.Debug|Any CPU.Build.0 = Debug|Any CPU
		{0D1DCE12-DD93-4A36-BD41-99FE6082B271}.Debug|x64.ActiveCfg = Debug|Any CPU
		{0D1DCE12-DD93-4A36-BD41-99FE6082B271}.Debug|x64.Build.0 = Debug|Any CPU
		{0D1DCE12-DD93-4A36-BD41-99FE6082B271}.Debug|x86.ActiveCfg = Debug|Any CPU
		{0D1DCE12-DD93-4A36-BD41-99FE6082B271}.Debug|x86.Build.0 = Debug|Any CPU
		{0D1DCE12-DD93-4A36-BD41-99FE6082B271}.Release|Any CPU.ActiveCfg = Release|Any CPU
		{0D1DCE12-DD93-4A36-BD41-99FE6082B271}.Release|Any CPU.Build.0 = Release|Any CPU
		{0D1DCE12-DD93-4A36-BD41-99FE6082B271}.Release|x64.ActiveCfg = Release|Any CPU
		{0D1DCE12-DD93-4A36-BD41-99FE6082B271}.Release|x64.Build.0 = Release|Any CPU
		{0D1DCE12-DD93-4A36-BD41-99FE6082B271}.Release|x86.ActiveCfg = Release|Any CPU
		{0D1DCE12-DD93-4A36-BD41-99FE6082B271}.Release|x86.Build.0 = Release|Any CPU
	EndGlobalSection
	GlobalSection(SolutionProperties) = preSolution
		HideSolutionNode = FALSE
	EndGlobalSection
	GlobalSection(NestedProjects) = preSolution
		{762C0CE1-054A-4237-8F87-A018DFE3483F} = {827E0CD3-B72D-47B6-A68D-7590B98EB39B}
		{5F8D4CB1-E75C-4062-9115-58FC99FA76D3} = {827E0CD3-B72D-47B6-A68D-7590B98EB39B}
		{4EBD53BE-142D-4840-A9D0-1E11B82B61B2} = {827E0CD3-B72D-47B6-A68D-7590B98EB39B}
		{BCAA89CE-D9F5-456A-B57E-DDE071791573} = {827E0CD3-B72D-47B6-A68D-7590B98EB39B}
		{BE0C98DE-11AE-45E4-90E0-372D1CD69181} = {827E0CD3-B72D-47B6-A68D-7590B98EB39B}
		{0D1DCE12-DD93-4A36-BD41-99FE6082B271} = {0AB3BF05-4346-4AA6-1389-037BE0695223}
	EndGlobalSection
EndGlobal
